
Microsoft Visual Studio Solution File, Format Version 12.00
Project("{FAE04EC0-301F-11D3-BF4B-00C04F79EFBC}") = "BotServices", "src\BotServices\BotServices.csproj", "{B3851CB8-EACC-4130-95FA-0EC7A0A5816C}"
EndProject
Project("{FAE04EC0-301F-11D3-BF4B-00C04F79EFBC}") = "BotServices.Resources", "src\BotServices.Resources\BotServices.Resources.csproj", "{249AD00E-8F0E-4F92-94BF-1EF2BFA59545}"
EndProject
Project("{2150E333-8FDC-42A3-9474-1A3956D46DE8}") = "octo-construction-kit", "octo-construction-kit", "{883C73AC-76E1-4143-B98A-47D6993DD6D6}"
EndProject
Project("{2150E333-8FDC-42A3-9474-1A3956D46DE8}") = "octo-common-services", "octo-common-services", "{22E68814-EE3C-4D58-9A5A-886F7D17832B}"
EndProject
Project("{FAE04EC0-301F-11D3-BF4B-00C04F79EFBC}") = "Common", "src\octo-common-services\src\Common\Common.csproj", "{F75AAA70-74B6-4B48-95D9-917AC101112A}"
EndProject
Project("{FAE04EC0-301F-11D3-BF4B-00C04F79EFBC}") = "Swagger", "src\octo-common-services\src\Swagger\Swagger.csproj", "{5037ED92-C3E0-4578-AA8E-C569CF7ADF4A}"
EndProject
Project("{FAE04EC0-301F-11D3-BF4B-00C04F79EFBC}") = "Jobs", "src\Jobs\Jobs.csproj", "{1878A9B2-D180-4E76-889B-851019360038}"
EndProject
Project("{FAE04EC0-301F-11D3-BF4B-00C04F79EFBC}") = "Runtime.Contracts.MongoDb", "src\octo-common-services\src\octo-construction-kit-engine-mongodb\src\Runtime.Contracts.MongoDb\Runtime.Contracts.MongoDb.csproj", "{469D0D60-4357-4D8A-A581-6C386F21823E}"
EndProject
Project("{FAE04EC0-301F-11D3-BF4B-00C04F79EFBC}") = "Runtime.Engine.MongoDb", "src\octo-common-services\src\octo-construction-kit-engine-mongodb\src\Runtime.Engine.MongoDb\Runtime.Engine.MongoDb.csproj", "{A5876818-D4A8-474D-AF0B-94A1F170EC1C}"
EndProject
Project("{FAE04EC0-301F-11D3-BF4B-00C04F79EFBC}") = "SystemBotCkModel", "src\SystemBotCkModel\SystemBotCkModel.csproj", "{7444A80A-058D-4C31-AB1C-6A7153D7E0E1}"
EndProject
Project("{FAE04EC0-301F-11D3-BF4B-00C04F79EFBC}") = "Infrastructure", "src\octo-common-services\src\Infrastructure\Infrastructure.csproj", "{7597CBD5-475A-40FF-B745-6334767A0B3D}"
EndProject
Project("{FAE04EC0-301F-11D3-BF4B-00C04F79EFBC}") = "Notifications", "src\octo-common-services\src\Notifications\Notifications.csproj", "{474ACB42-4C40-458D-B8A1-283D17979A86}"
EndProject
Global
	GlobalSection(SolutionConfigurationPlatforms) = preSolution
		Debug|Any CPU = Debug|Any CPU
		Release|Any CPU = Release|Any CPU
		DebugL|Any CPU = DebugL|Any CPU
	EndGlobalSection
	GlobalSection(ProjectConfigurationPlatforms) = postSolution
		{B3851CB8-EACC-4130-95FA-0EC7A0A5816C}.Debug|Any CPU.ActiveCfg = Debug|Any CPU
		{B3851CB8-EACC-4130-95FA-0EC7A0A5816C}.Debug|Any CPU.Build.0 = Debug|Any CPU
		{B3851CB8-EACC-4130-95FA-0EC7A0A5816C}.Release|Any CPU.ActiveCfg = Release|Any CPU
		{B3851CB8-EACC-4130-95FA-0EC7A0A5816C}.Release|Any CPU.Build.0 = Release|Any CPU
		{B3851CB8-EACC-4130-95FA-0EC7A0A5816C}.DebugL|Any CPU.ActiveCfg = DebugL|Any CPU
		{B3851CB8-EACC-4130-95FA-0EC7A0A5816C}.DebugL|Any CPU.Build.0 = DebugL|Any CPU
		{249AD00E-8F0E-4F92-94BF-1EF2BFA59545}.Debug|Any CPU.ActiveCfg = Debug|Any CPU
		{249AD00E-8F0E-4F92-94BF-1EF2BFA59545}.Debug|Any CPU.Build.0 = Debug|Any CPU
		{249AD00E-8F0E-4F92-94BF-1EF2BFA59545}.Release|Any CPU.ActiveCfg = Release|Any CPU
		{249AD00E-8F0E-4F92-94BF-1EF2BFA59545}.Release|Any CPU.Build.0 = Release|Any CPU
		{249AD00E-8F0E-4F92-94BF-1EF2BFA59545}.DebugL|Any CPU.ActiveCfg = DebugL|Any CPU
		{249AD00E-8F0E-4F92-94BF-1EF2BFA59545}.DebugL|Any CPU.Build.0 = DebugL|Any CPU
		{F75AAA70-74B6-4B48-95D9-917AC101112A}.Debug|Any CPU.ActiveCfg = Debug|Any CPU
		{F75AAA70-74B6-4B48-95D9-917AC101112A}.Debug|Any CPU.Build.0 = Debug|Any CPU
		{F75AAA70-74B6-4B48-95D9-917AC101112A}.Release|Any CPU.ActiveCfg = Release|Any CPU
		{F75AAA70-74B6-4B48-95D9-917AC101112A}.Release|Any CPU.Build.0 = Release|Any CPU
		{F75AAA70-74B6-4B48-95D9-917AC101112A}.DebugL|Any CPU.ActiveCfg = DebugL|Any CPU
		{F75AAA70-74B6-4B48-95D9-917AC101112A}.DebugL|Any CPU.Build.0 = DebugL|Any CPU
		{5037ED92-C3E0-4578-AA8E-C569CF7ADF4A}.Debug|Any CPU.ActiveCfg = Debug|Any CPU
		{5037ED92-C3E0-4578-AA8E-C569CF7ADF4A}.Debug|Any CPU.Build.0 = Debug|Any CPU
		{5037ED92-C3E0-4578-AA8E-C569CF7ADF4A}.Release|Any CPU.ActiveCfg = Release|Any CPU
		{5037ED92-C3E0-4578-AA8E-C569CF7ADF4A}.Release|Any CPU.Build.0 = Release|Any CPU
		{5037ED92-C3E0-4578-AA8E-C569CF7ADF4A}.DebugL|Any CPU.ActiveCfg = DebugL|Any CPU
		{5037ED92-C3E0-4578-AA8E-C569CF7ADF4A}.DebugL|Any CPU.Build.0 = DebugL|Any CPU
		{1878A9B2-D180-4E76-889B-851019360038}.Debug|Any CPU.ActiveCfg = Debug|Any CPU
		{1878A9B2-D180-4E76-889B-851019360038}.Debug|Any CPU.Build.0 = Debug|Any CPU
		{1878A9B2-D180-4E76-889B-851019360038}.Release|Any CPU.ActiveCfg = Release|Any CPU
		{1878A9B2-D180-4E76-889B-851019360038}.Release|Any CPU.Build.0 = Release|Any CPU
		{1878A9B2-D180-4E76-889B-851019360038}.DebugL|Any CPU.ActiveCfg = DebugL|Any CPU
		{1878A9B2-D180-4E76-889B-851019360038}.DebugL|Any CPU.Build.0 = DebugL|Any CPU
		{469D0D60-4357-4D8A-A581-6C386F21823E}.Debug|Any CPU.ActiveCfg = Debug|Any CPU
		{469D0D60-4357-4D8A-A581-6C386F21823E}.Debug|Any CPU.Build.0 = Debug|Any CPU
		{469D0D60-4357-4D8A-A581-6C386F21823E}.Release|Any CPU.ActiveCfg = Release|Any CPU
		{469D0D60-4357-4D8A-A581-6C386F21823E}.Release|Any CPU.Build.0 = Release|Any CPU
		{469D0D60-4357-4D8A-A581-6C386F21823E}.DebugL|Any CPU.ActiveCfg = DebugL|Any CPU
		{469D0D60-4357-4D8A-A581-6C386F21823E}.DebugL|Any CPU.Build.0 = DebugL|Any CPU
		{A5876818-D4A8-474D-AF0B-94A1F170EC1C}.Debug|Any CPU.ActiveCfg = Debug|Any CPU
		{A5876818-D4A8-474D-AF0B-94A1F170EC1C}.Debug|Any CPU.Build.0 = Debug|Any CPU
		{A5876818-D4A8-474D-AF0B-94A1F170EC1C}.Release|Any CPU.ActiveCfg = Release|Any CPU
		{A5876818-D4A8-474D-AF0B-94A1F170EC1C}.Release|Any CPU.Build.0 = Release|Any CPU
		{A5876818-D4A8-474D-AF0B-94A1F170EC1C}.DebugL|Any CPU.ActiveCfg = DebugL|Any CPU
		{A5876818-D4A8-474D-AF0B-94A1F170EC1C}.DebugL|Any CPU.Build.0 = DebugL|Any CPU
		{7444A80A-058D-4C31-AB1C-6A7153D7E0E1}.Debug|Any CPU.ActiveCfg = Debug|Any CPU
		{7444A80A-058D-4C31-AB1C-6A7153D7E0E1}.Debug|Any CPU.Build.0 = Debug|Any CPU
		{7444A80A-058D-4C31-AB1C-6A7153D7E0E1}.Release|Any CPU.ActiveCfg = Release|Any CPU
		{7444A80A-058D-4C31-AB1C-6A7153D7E0E1}.Release|Any CPU.Build.0 = Release|Any CPU
		{7444A80A-058D-4C31-AB1C-6A7153D7E0E1}.DebugL|Any CPU.ActiveCfg = DebugL|Any CPU
		{7444A80A-058D-4C31-AB1C-6A7153D7E0E1}.DebugL|Any CPU.Build.0 = DebugL|Any CPU
		{7597CBD5-475A-40FF-B745-6334767A0B3D}.Debug|Any CPU.ActiveCfg = Debug|Any CPU
		{7597CBD5-475A-40FF-B745-6334767A0B3D}.Debug|Any CPU.Build.0 = Debug|Any CPU
		{7597CBD5-475A-40FF-B745-6334767A0B3D}.Release|Any CPU.ActiveCfg = Release|Any CPU
		{7597CBD5-475A-40FF-B745-6334767A0B3D}.Release|Any CPU.Build.0 = Release|Any CPU
		{7597CBD5-475A-40FF-B745-6334767A0B3D}.DebugL|Any CPU.ActiveCfg = DebugL|Any CPU
		{7597CBD5-475A-40FF-B745-6334767A0B3D}.DebugL|Any CPU.Build.0 = DebugL|Any CPU
		{474ACB42-4C40-458D-B8A1-283D17979A86}.Debug|Any CPU.ActiveCfg = Debug|Any CPU
		{474ACB42-4C40-458D-B8A1-283D17979A86}.Debug|Any CPU.Build.0 = Debug|Any CPU
		{474ACB42-4C40-458D-B8A1-283D17979A86}.Release|Any CPU.ActiveCfg = Release|Any CPU
		{474ACB42-4C40-458D-B8A1-283D17979A86}.Release|Any CPU.Build.0 = Release|Any CPU
		{474ACB42-4C40-458D-B8A1-283D17979A86}.DebugL|Any CPU.ActiveCfg = DebugL|Any CPU
		{474ACB42-4C40-458D-B8A1-283D17979A86}.DebugL|Any CPU.Build.0 = DebugL|Any CPU
	EndGlobalSection
	GlobalSection(NestedProjects) = preSolution
		{F75AAA70-74B6-4B48-95D9-917AC101112A} = {22E68814-EE3C-4D58-9A5A-886F7D17832B}
		{5037ED92-C3E0-4578-AA8E-C569CF7ADF4A} = {22E68814-EE3C-4D58-9A5A-886F7D17832B}
		{469D0D60-4357-4D8A-A581-6C386F21823E} = {883C73AC-76E1-4143-B98A-47D6993DD6D6}
		{A5876818-D4A8-474D-AF0B-94A1F170EC1C} = {883C73AC-76E1-4143-B98A-47D6993DD6D6}
		{7597CBD5-475A-40FF-B745-6334767A0B3D} = {22E68814-EE3C-4D58-9A5A-886F7D17832B}
		{474ACB42-4C40-458D-B8A1-283D17979A86} = {22E68814-EE3C-4D58-9A5A-886F7D17832B}
	EndGlobalSection
EndGlobal
