
Microsoft Visual Studio Solution File, Format Version 12.00
Project("{FAE04EC0-301F-11D3-BF4B-00C04F79EFBC}") = "BotServices", "src\BotServices\BotServices.csproj", "{B3851CB8-EACC-4130-95FA-0EC7A0A5816C}"
EndProject
Project("{FAE04EC0-301F-11D3-BF4B-00C04F79EFBC}") = "BotServices.Resources", "src\BotServices.Resources\BotServices.Resources.csproj", "{249AD00E-8F0E-4F92-94BF-1EF2BFA59545}"
EndProject
Project("{FAE04EC0-301F-11D3-BF4B-00C04F79EFBC}") = "Jobs", "src\Jobs\Jobs.csproj", "{1878A9B2-D180-4E76-889B-851019360038}"
EndProject
Project("{FAE04EC0-301F-11D3-BF4B-00C04F79EFBC}") = "SystemBotCkModel", "src\SystemBotCkModel\SystemBotCkModel.csproj", "{7444A80A-058D-4C31-AB1C-6A7153D7E0E1}"
EndProject
Project("{FAE04EC0-301F-11D3-BF4B-00C04F79EFBC}") = "RepositoryUpdate", "src\RepositoryUpdate\RepositoryUpdate.csproj", "{7E09686D-26E7-42DD-BD1A-653CB47B6665}"
EndProject
Project("{2150E333-8FDC-42A3-9474-1A3956D46DE8}") = "tests", "tests", "{63C6F908-BBE6-49B6-82B5-EF5CF6898C0F}"
EndProject
Global
	GlobalSection(SolutionConfigurationPlatforms) = preSolution
		Debug|Any CPU = Debug|Any CPU
		Release|Any CPU = Release|Any CPU
		DebugL|Any CPU = DebugL|Any CPU
	EndGlobalSection
	GlobalSection(ProjectConfigurationPlatforms) = postSolution
		{B3851CB8-EACC-4130-95FA-0EC7A0A5816C}.Debug|Any CPU.ActiveCfg = Debug|Any CPU
		{B3851CB8-EACC-4130-95FA-0EC7A0A5816C}.Debug|Any CPU.Build.0 = Debug|Any CPU
		{B3851CB8-EACC-4130-95FA-0EC7A0A5816C}.Release|Any CPU.ActiveCfg = Release|Any CPU
		{B3851CB8-EACC-4130-95FA-0EC7A0A5816C}.Release|Any CPU.Build.0 = Release|Any CPU
		{B3851CB8-EACC-4130-95FA-0EC7A0A5816C}.DebugL|Any CPU.ActiveCfg = DebugL|Any CPU
		{B3851CB8-EACC-4130-95FA-0EC7A0A5816C}.DebugL|Any CPU.Build.0 = DebugL|Any CPU
		{249AD00E-8F0E-4F92-94BF-1EF2BFA59545}.Debug|Any CPU.ActiveCfg = Debug|Any CPU
		{249AD00E-8F0E-4F92-94BF-1EF2BFA59545}.Debug|Any CPU.Build.0 = Debug|Any CPU
		{249AD00E-8F0E-4F92-94BF-1EF2BFA59545}.Release|Any CPU.ActiveCfg = Release|Any CPU
		{249AD00E-8F0E-4F92-94BF-1EF2BFA59545}.Release|Any CPU.Build.0 = Release|Any CPU
		{249AD00E-8F0E-4F92-94BF-1EF2BFA59545}.DebugL|Any CPU.ActiveCfg = DebugL|Any CPU
		{249AD00E-8F0E-4F92-94BF-1EF2BFA59545}.DebugL|Any CPU.Build.0 = DebugL|Any CPU
		{1878A9B2-D180-4E76-889B-851019360038}.Debug|Any CPU.ActiveCfg = Debug|Any CPU
		{1878A9B2-D180-4E76-889B-851019360038}.Debug|Any CPU.Build.0 = Debug|Any CPU
		{1878A9B2-D180-4E76-889B-851019360038}.Release|Any CPU.ActiveCfg = Release|Any CPU
		{1878A9B2-D180-4E76-889B-851019360038}.Release|Any CPU.Build.0 = Release|Any CPU
		{1878A9B2-D180-4E76-889B-851019360038}.DebugL|Any CPU.ActiveCfg = DebugL|Any CPU
		{1878A9B2-D180-4E76-889B-851019360038}.DebugL|Any CPU.Build.0 = DebugL|Any CPU
		{7444A80A-058D-4C31-AB1C-6A7153D7E0E1}.Debug|Any CPU.ActiveCfg = Debug|Any CPU
		{7444A80A-058D-4C31-AB1C-6A7153D7E0E1}.Debug|Any CPU.Build.0 = Debug|Any CPU
		{7444A80A-058D-4C31-AB1C-6A7153D7E0E1}.Release|Any CPU.ActiveCfg = Release|Any CPU
		{7444A80A-058D-4C31-AB1C-6A7153D7E0E1}.Release|Any CPU.Build.0 = Release|Any CPU
		{7444A80A-058D-4C31-AB1C-6A7153D7E0E1}.DebugL|Any CPU.ActiveCfg = DebugL|Any CPU
		{7444A80A-058D-4C31-AB1C-6A7153D7E0E1}.DebugL|Any CPU.Build.0 = DebugL|Any CPU
		{7E09686D-26E7-42DD-BD1A-653CB47B6665}.Debug|Any CPU.ActiveCfg = Debug|Any CPU
		{7E09686D-26E7-42DD-BD1A-653CB47B6665}.Debug|Any CPU.Build.0 = Debug|Any CPU
		{7E09686D-26E7-42DD-BD1A-653CB47B6665}.Release|Any CPU.ActiveCfg = Release|Any CPU
		{7E09686D-26E7-42DD-BD1A-653CB47B6665}.Release|Any CPU.Build.0 = Release|Any CPU
		{7E09686D-26E7-42DD-BD1A-653CB47B6665}.DebugL|Any CPU.ActiveCfg = DebugL|Any CPU
		{7E09686D-26E7-42DD-BD1A-653CB47B6665}.DebugL|Any CPU.Build.0 = DebugL|Any CPU
	EndGlobalSection
	GlobalSection(NestedProjects) = preSolution
	EndGlobalSection
EndGlobal
