
Microsoft Visual Studio Solution File, Format Version 12.00
Project("{FAE04EC0-301F-11D3-BF4B-00C04F79EFBC}") = "BotServices", "src\BotServices\BotServices.csproj", "{B3851CB8-EACC-4130-95FA-0EC7A0A5816C}"
EndProject
Project("{FAE04EC0-301F-11D3-BF4B-00C04F79EFBC}") = "BotServices.Resources", "src\BotServices.Resources\BotServices.Resources.csproj", "{249AD00E-8F0E-4F92-94BF-1EF2BFA59545}"
EndProject
Project("{FAE04EC0-301F-11D3-BF4B-00C04F79EFBC}") = "Internationalization", "src\octo-core\src\Common\Internationalization\Internationalization.csproj", "{987EF6D7-5802-4E60-8FF7-FB966C835A0D}"
EndProject
Project("{2150E333-8FDC-42A3-9474-1A3956D46DE8}") = "octo-core", "octo-core", "{883C73AC-76E1-4143-B98A-47D6993DD6D6}"
EndProject
Project("{FAE04EC0-301F-11D3-BF4B-00C04F79EFBC}") = "DistributedCache", "src\octo-core\src\Common\DistributedCache\DistributedCache.csproj", "{5B064C6F-F323-4327-88D8-845CF3F0C6D6}"
EndProject
Project("{2150E333-8FDC-42A3-9474-1A3956D46DE8}") = "octo-common-services", "octo-common-services", "{22E68814-EE3C-4D58-9A5A-886F7D17832B}"
EndProject
Project("{FAE04EC0-301F-11D3-BF4B-00C04F79EFBC}") = "Common", "src\octo-common-services\src\Common\Common.csproj", "{F75AAA70-74B6-4B48-95D9-917AC101112A}"
EndProject
Project("{FAE04EC0-301F-11D3-BF4B-00C04F79EFBC}") = "Persistence", "src\octo-core\src\SystematizedData\Persistence\Persistence.csproj", "{0FB35A43-3765-4A2C-ADA8-E5FA7123C40A}"
EndProject
Project("{FAE04EC0-301F-11D3-BF4B-00C04F79EFBC}") = "Swagger", "src\octo-common-services\src\Swagger\Swagger.csproj", "{5037ED92-C3E0-4578-AA8E-C569CF7ADF4A}"
EndProject
Project("{FAE04EC0-301F-11D3-BF4B-00C04F79EFBC}") = "Shared", "src\octo-core\src\Common\Shared\Shared.csproj", "{61D09422-B5C7-4E95-8FEF-5710B7E68FBA}"
EndProject
Project("{FAE04EC0-301F-11D3-BF4B-00C04F79EFBC}") = "Jobs", "src\Jobs\Jobs.csproj", "{1878A9B2-D180-4E76-889B-851019360038}"
EndProject
Global
	GlobalSection(SolutionConfigurationPlatforms) = preSolution
		Debug|Any CPU = Debug|Any CPU
		Release|Any CPU = Release|Any CPU
	EndGlobalSection
	GlobalSection(ProjectConfigurationPlatforms) = postSolution
		{B3851CB8-EACC-4130-95FA-0EC7A0A5816C}.Debug|Any CPU.ActiveCfg = Debug|Any CPU
		{B3851CB8-EACC-4130-95FA-0EC7A0A5816C}.Debug|Any CPU.Build.0 = Debug|Any CPU
		{B3851CB8-EACC-4130-95FA-0EC7A0A5816C}.Release|Any CPU.ActiveCfg = Release|Any CPU
		{B3851CB8-EACC-4130-95FA-0EC7A0A5816C}.Release|Any CPU.Build.0 = Release|Any CPU
		{249AD00E-8F0E-4F92-94BF-1EF2BFA59545}.Debug|Any CPU.ActiveCfg = Debug|Any CPU
		{249AD00E-8F0E-4F92-94BF-1EF2BFA59545}.Debug|Any CPU.Build.0 = Debug|Any CPU
		{249AD00E-8F0E-4F92-94BF-1EF2BFA59545}.Release|Any CPU.ActiveCfg = Release|Any CPU
		{249AD00E-8F0E-4F92-94BF-1EF2BFA59545}.Release|Any CPU.Build.0 = Release|Any CPU
		{987EF6D7-5802-4E60-8FF7-FB966C835A0D}.Debug|Any CPU.ActiveCfg = Debug|Any CPU
		{987EF6D7-5802-4E60-8FF7-FB966C835A0D}.Debug|Any CPU.Build.0 = Debug|Any CPU
		{987EF6D7-5802-4E60-8FF7-FB966C835A0D}.Release|Any CPU.ActiveCfg = Release|Any CPU
		{987EF6D7-5802-4E60-8FF7-FB966C835A0D}.Release|Any CPU.Build.0 = Release|Any CPU
		{5B064C6F-F323-4327-88D8-845CF3F0C6D6}.Debug|Any CPU.ActiveCfg = Debug|Any CPU
		{5B064C6F-F323-4327-88D8-845CF3F0C6D6}.Debug|Any CPU.Build.0 = Debug|Any CPU
		{5B064C6F-F323-4327-88D8-845CF3F0C6D6}.Release|Any CPU.ActiveCfg = Release|Any CPU
		{5B064C6F-F323-4327-88D8-845CF3F0C6D6}.Release|Any CPU.Build.0 = Release|Any CPU
		{F75AAA70-74B6-4B48-95D9-917AC101112A}.Debug|Any CPU.ActiveCfg = Debug|Any CPU
		{F75AAA70-74B6-4B48-95D9-917AC101112A}.Debug|Any CPU.Build.0 = Debug|Any CPU
		{F75AAA70-74B6-4B48-95D9-917AC101112A}.Release|Any CPU.ActiveCfg = Release|Any CPU
		{F75AAA70-74B6-4B48-95D9-917AC101112A}.Release|Any CPU.Build.0 = Release|Any CPU
		{0FB35A43-3765-4A2C-ADA8-E5FA7123C40A}.Debug|Any CPU.ActiveCfg = Debug|Any CPU
		{0FB35A43-3765-4A2C-ADA8-E5FA7123C40A}.Debug|Any CPU.Build.0 = Debug|Any CPU
		{0FB35A43-3765-4A2C-ADA8-E5FA7123C40A}.Release|Any CPU.ActiveCfg = Release|Any CPU
		{0FB35A43-3765-4A2C-ADA8-E5FA7123C40A}.Release|Any CPU.Build.0 = Release|Any CPU
		{5037ED92-C3E0-4578-AA8E-C569CF7ADF4A}.Debug|Any CPU.ActiveCfg = Debug|Any CPU
		{5037ED92-C3E0-4578-AA8E-C569CF7ADF4A}.Debug|Any CPU.Build.0 = Debug|Any CPU
		{5037ED92-C3E0-4578-AA8E-C569CF7ADF4A}.Release|Any CPU.ActiveCfg = Release|Any CPU
		{5037ED92-C3E0-4578-AA8E-C569CF7ADF4A}.Release|Any CPU.Build.0 = Release|Any CPU
		{61D09422-B5C7-4E95-8FEF-5710B7E68FBA}.Debug|Any CPU.ActiveCfg = Debug|Any CPU
		{61D09422-B5C7-4E95-8FEF-5710B7E68FBA}.Debug|Any CPU.Build.0 = Debug|Any CPU
		{61D09422-B5C7-4E95-8FEF-5710B7E68FBA}.Release|Any CPU.ActiveCfg = Release|Any CPU
		{61D09422-B5C7-4E95-8FEF-5710B7E68FBA}.Release|Any CPU.Build.0 = Release|Any CPU
		{1878A9B2-D180-4E76-889B-851019360038}.Debug|Any CPU.ActiveCfg = Debug|Any CPU
		{1878A9B2-D180-4E76-889B-851019360038}.Debug|Any CPU.Build.0 = Debug|Any CPU
		{1878A9B2-D180-4E76-889B-851019360038}.Release|Any CPU.ActiveCfg = Release|Any CPU
		{1878A9B2-D180-4E76-889B-851019360038}.Release|Any CPU.Build.0 = Release|Any CPU
	EndGlobalSection
	GlobalSection(NestedProjects) = preSolution
		{987EF6D7-5802-4E60-8FF7-FB966C835A0D} = {883C73AC-76E1-4143-B98A-47D6993DD6D6}
		{5B064C6F-F323-4327-88D8-845CF3F0C6D6} = {883C73AC-76E1-4143-B98A-47D6993DD6D6}
		{F75AAA70-74B6-4B48-95D9-917AC101112A} = {22E68814-EE3C-4D58-9A5A-886F7D17832B}
		{0FB35A43-3765-4A2C-ADA8-E5FA7123C40A} = {883C73AC-76E1-4143-B98A-47D6993DD6D6}
		{5037ED92-C3E0-4578-AA8E-C569CF7ADF4A} = {22E68814-EE3C-4D58-9A5A-886F7D17832B}
		{61D09422-B5C7-4E95-8FEF-5710B7E68FBA} = {883C73AC-76E1-4143-B98A-47D6993DD6D6}
	EndGlobalSection
EndGlobal
